// !$*UTF8*$!
{
	archiveVersion = 1;
	classes = {
	};
	objectVersion = 46;
	objects = {

/* Begin PBXBuildFile section */
		A9049ACA1B7D6D1400497091 /* Images.xcassets in Resources */ = {isa = PBXBuildFile; fileRef = A9049AC91B7D6D1400497091 /* Images.xcassets */; };
		A9049AD61B7D6DB200497091 /* MainViewController.m in Sources */ = {isa = PBXBuildFile; fileRef = A9049ACD1B7D6DB200497091 /* MainViewController.m */; };
		A9049AD71B7D6DB200497091 /* MapViewController.m in Sources */ = {isa = PBXBuildFile; fileRef = A9049ACF1B7D6DB200497091 /* MapViewController.m */; };
		A9049AD81B7D6DB200497091 /* PhotoViewController.m in Sources */ = {isa = PBXBuildFile; fileRef = A9049AD11B7D6DB200497091 /* PhotoViewController.m */; };
		A9049AD91B7D6DB200497091 /* SidebarTableViewController.m in Sources */ = {isa = PBXBuildFile; fileRef = A9049AD31B7D6DB200497091 /* SidebarTableViewController.m */; };
		A9049ADA1B7D6DB200497091 /* SWRevealViewController.m in Sources */ = {isa = PBXBuildFile; fileRef = A9049AD51B7D6DB200497091 /* SWRevealViewController.m */; };
		A91938C11B71717D00DF12B5 /* Security.m in Sources */ = {isa = PBXBuildFile; fileRef = A91938C01B71717D00DF12B5 /* Security.m */; };
		A91938C41B71719000DF12B5 /* Blocking.m in Sources */ = {isa = PBXBuildFile; fileRef = A91938C31B71719000DF12B5 /* Blocking.m */; };
		A91938C71B7171CB00DF12B5 /* ChangePassword.m in Sources */ = {isa = PBXBuildFile; fileRef = A91938C61B7171CB00DF12B5 /* ChangePassword.m */; };
		A91938CA1B7172DF00DF12B5 /* EditProfile.m in Sources */ = {isa = PBXBuildFile; fileRef = A91938C91B7172DF00DF12B5 /* EditProfile.m */; };
		A91938CE1B71757700DF12B5 /* ButtonLayers.m in Sources */ = {isa = PBXBuildFile; fileRef = A91938CD1B71757700DF12B5 /* ButtonLayers.m */; };
		A91B13AC1B7EB0E50074B5C4 /* Like1.png in Resources */ = {isa = PBXBuildFile; fileRef = A91B13AA1B7EB0E50074B5C4 /* Like1.png */; };
		A91B13AD1B7EB0E50074B5C4 /* Like2.png in Resources */ = {isa = PBXBuildFile; fileRef = A91B13AB1B7EB0E50074B5C4 /* Like2.png */; };
		A91E7DF61B5F0E3400B933B3 /* main 16-30-32-750.m in Sources */ = {isa = PBXBuildFile; fileRef = A91E7DF51B5F0E3400B933B3 /* main 16-30-32-750.m */; };
		A91E7E001B5F1C3100B933B3 /* ForgotPassword2.m in Sources */ = {isa = PBXBuildFile; fileRef = A91E7DFF1B5F1C3100B933B3 /* ForgotPassword2.m */; };
		A93486711B7D45A200BA0818 /* SearchFriends.m in Sources */ = {isa = PBXBuildFile; fileRef = A93486701B7D45A200BA0818 /* SearchFriends.m */; };
		A93486741B7D465600BA0818 /* FindFriends.m in Sources */ = {isa = PBXBuildFile; fileRef = A93486731B7D465600BA0818 /* FindFriends.m */; };
		A94512801B7417BF002DA50A /* selectImg.png in Resources */ = {isa = PBXBuildFile; fileRef = A945127F1B7417BF002DA50A /* selectImg.png */; };
		A94512821B741EE8002DA50A /* user.png in Resources */ = {isa = PBXBuildFile; fileRef = A94512811B741EE8002DA50A /* user.png */; };
		A94512841B7420D6002DA50A /* loading.gif in Resources */ = {isa = PBXBuildFile; fileRef = A94512831B7420D6002DA50A /* loading.gif */; };
		A94512881B742AD8002DA50A /* comments.m in Sources */ = {isa = PBXBuildFile; fileRef = A94512871B742AD8002DA50A /* comments.m */; };
		A97C56201B66FC5100BDAC16 /* XT_problem.png in Resources */ = {isa = PBXBuildFile; fileRef = A97C561F1B66FC5100BDAC16 /* XT_problem.png */; };
		A97C562A1B670E2800BDAC16 /* TPKeyboardAvoidingCollectionView.m in Sources */ = {isa = PBXBuildFile; fileRef = A97C56231B670E2800BDAC16 /* TPKeyboardAvoidingCollectionView.m */; };
		A97C562B1B670E2800BDAC16 /* TPKeyboardAvoidingScrollView.m in Sources */ = {isa = PBXBuildFile; fileRef = A97C56251B670E2800BDAC16 /* TPKeyboardAvoidingScrollView.m */; };
		A97C562C1B670E2800BDAC16 /* TPKeyboardAvoidingTableView.m in Sources */ = {isa = PBXBuildFile; fileRef = A97C56271B670E2800BDAC16 /* TPKeyboardAvoidingTableView.m */; };
		A97C562D1B670E2800BDAC16 /* UIScrollView+TPKeyboardAvoidingAdditions.m in Sources */ = {isa = PBXBuildFile; fileRef = A97C56291B670E2800BDAC16 /* UIScrollView+TPKeyboardAvoidingAdditions.m */; };
		A99A07181B69AA6900ED4102 /* Default-568h@2x.png in Resources */ = {isa = PBXBuildFile; fileRef = A99A07141B69AA6900ED4102 /* Default-568h@2x.png */; };
		A99A07191B69AA6900ED4102 /* Default.png in Resources */ = {isa = PBXBuildFile; fileRef = A99A07151B69AA6900ED4102 /* Default.png */; };
		A99A071A1B69AA6900ED4102 /* Default@2x.png in Resources */ = {isa = PBXBuildFile; fileRef = A99A07161B69AA6900ED4102 /* Default@2x.png */; };
		A9AF40C81B6C4C840055B0F7 /* MesaageVC.m in Sources */ = {isa = PBXBuildFile; fileRef = A9AF40C71B6C4C840055B0F7 /* MesaageVC.m */; };
		A9AFBA411B58554B005C08BE /* FriendsSpotFinalTests.m in Sources */ = {isa = PBXBuildFile; fileRef = A9AFBA401B58554B005C08BE /* FriendsSpotFinalTests.m */; };
		A9AFBA651B588A36005C08BE /* NewFSlogo.png in Resources */ = {isa = PBXBuildFile; fileRef = A9AFBA641B588A36005C08BE /* NewFSlogo.png */; };
		A9BB57FE1B719256009E43C5 /* service.m in Sources */ = {isa = PBXBuildFile; fileRef = A9BB57FD1B719256009E43C5 /* service.m */; };
		A9C075191B7958040011F49C /* Sumit.storyboard in Resources */ = {isa = PBXBuildFile; fileRef = A9C075181B7958040011F49C /* Sumit.storyboard */; };
		A9D11F371B703E9600E6291B /* GeneralSetting.m in Sources */ = {isa = PBXBuildFile; fileRef = A9D11F361B703E9600E6291B /* GeneralSetting.m */; };
		A9D11F3A1B703F1C00E6291B /* Setting.m in Sources */ = {isa = PBXBuildFile; fileRef = A9D11F391B703F1C00E6291B /* Setting.m */; };
		A9D11F3C1B70422900E6291B /* HomeImage.png in Resources */ = {isa = PBXBuildFile; fileRef = A9D11F3B1B70422900E6291B /* HomeImage.png */; };
		A9DF96B71B757270004B1D33 /* ButtonColor.m in Sources */ = {isa = PBXBuildFile; fileRef = A9DF96B61B757270004B1D33 /* ButtonColor.m */; };
		A9EA17351B72D4AF007CFABB /* 12.png in Resources */ = {isa = PBXBuildFile; fileRef = A9EA17341B72D4AF007CFABB /* 12.png */; };
		A9EA175D1B7306FB007CFABB /* MKAnnotationView+WebCache.m in Sources */ = {isa = PBXBuildFile; fileRef = A9EA173D1B7306FB007CFABB /* MKAnnotationView+WebCache.m */; };
		A9EA175E1B7306FB007CFABB /* NSData+ImageContentType.m in Sources */ = {isa = PBXBuildFile; fileRef = A9EA173F1B7306FB007CFABB /* NSData+ImageContentType.m */; };
		A9EA175F1B7306FB007CFABB /* SDImageCache.m in Sources */ = {isa = PBXBuildFile; fileRef = A9EA17411B7306FB007CFABB /* SDImageCache.m */; };
		A9EA17601B7306FB007CFABB /* SDWebImageCompat.m in Sources */ = {isa = PBXBuildFile; fileRef = A9EA17431B7306FB007CFABB /* SDWebImageCompat.m */; };
		A9EA17611B7306FB007CFABB /* SDWebImageDecoder.m in Sources */ = {isa = PBXBuildFile; fileRef = A9EA17451B7306FB007CFABB /* SDWebImageDecoder.m */; };
		A9EA17621B7306FB007CFABB /* SDWebImageDownloader.m in Sources */ = {isa = PBXBuildFile; fileRef = A9EA17471B7306FB007CFABB /* SDWebImageDownloader.m */; };
		A9EA17631B7306FB007CFABB /* SDWebImageDownloaderOperation.m in Sources */ = {isa = PBXBuildFile; fileRef = A9EA17491B7306FB007CFABB /* SDWebImageDownloaderOperation.m */; };
		A9EA17641B7306FB007CFABB /* SDWebImageManager.m in Sources */ = {isa = PBXBuildFile; fileRef = A9EA174B1B7306FB007CFABB /* SDWebImageManager.m */; };
		A9EA17651B7306FB007CFABB /* SDWebImagePrefetcher.m in Sources */ = {isa = PBXBuildFile; fileRef = A9EA174E1B7306FB007CFABB /* SDWebImagePrefetcher.m */; };
		A9EA17661B7306FB007CFABB /* UIButton+WebCache.m in Sources */ = {isa = PBXBuildFile; fileRef = A9EA17501B7306FB007CFABB /* UIButton+WebCache.m */; };
		A9EA17671B7306FB007CFABB /* UIImage+GIF.m in Sources */ = {isa = PBXBuildFile; fileRef = A9EA17521B7306FB007CFABB /* UIImage+GIF.m */; };
		A9EA17681B7306FB007CFABB /* UIImage+MultiFormat.m in Sources */ = {isa = PBXBuildFile; fileRef = A9EA17541B7306FB007CFABB /* UIImage+MultiFormat.m */; };
		A9EA17691B7306FB007CFABB /* UIImage+WebP.m in Sources */ = {isa = PBXBuildFile; fileRef = A9EA17561B7306FB007CFABB /* UIImage+WebP.m */; };
		A9EA176A1B7306FB007CFABB /* UIImageView+HighlightedWebCache.m in Sources */ = {isa = PBXBuildFile; fileRef = A9EA17581B7306FB007CFABB /* UIImageView+HighlightedWebCache.m */; };
		A9EA176B1B7306FB007CFABB /* UIImageView+WebCache.m in Sources */ = {isa = PBXBuildFile; fileRef = A9EA175A1B7306FB007CFABB /* UIImageView+WebCache.m */; };
		A9EA176C1B7306FB007CFABB /* UIView+WebCacheOperation.m in Sources */ = {isa = PBXBuildFile; fileRef = A9EA175C1B7306FB007CFABB /* UIView+WebCacheOperation.m */; };
		A9FDBE731B5D9CF800E1A199 /* Info.plist in Resources */ = {isa = PBXBuildFile; fileRef = A9FDBE4F1B5D9CF800E1A199 /* Info.plist */; };
		A9FDBE751B5D9CF800E1A199 /* NewFSlogo.png in Resources */ = {isa = PBXBuildFile; fileRef = A9FDBE511B5D9CF800E1A199 /* NewFSlogo.png */; };
		A9FDBE761B5D9CF800E1A199 /* Govind.storyboard in Resources */ = {isa = PBXBuildFile; fileRef = A9FDBE531B5D9CF800E1A199 /* Govind.storyboard */; };
		A9FDBE771B5D9CF800E1A199 /* Raj.storyboard in Resources */ = {isa = PBXBuildFile; fileRef = A9FDBE541B5D9CF800E1A199 /* Raj.storyboard */; };
		A9FDBE791B5D9CF800E1A199 /* AppDelegate.m in Sources */ = {isa = PBXBuildFile; fileRef = A9FDBE591B5D9CF800E1A199 /* AppDelegate.m */; };
		A9FDBE7A1B5D9CF800E1A199 /* LaunchScreen.xib in Resources */ = {isa = PBXBuildFile; fileRef = A9FDBE5A1B5D9CF800E1A199 /* LaunchScreen.xib */; };
		A9FDBE7B1B5D9CF800E1A199 /* Main.storyboard in Resources */ = {isa = PBXBuildFile; fileRef = A9FDBE5C1B5D9CF800E1A199 /* Main.storyboard */; };
		A9FDBE7C1B5D9CF800E1A199 /* ViewController.m in Sources */ = {isa = PBXBuildFile; fileRef = A9FDBE611B5D9CF800E1A199 /* ViewController.m */; };
		A9FDBE7D1B5D9CF800E1A199 /* Login.m in Sources */ = {isa = PBXBuildFile; fileRef = A9FDBE641B5D9CF800E1A199 /* Login.m */; };
		A9FDBE7E1B5D9CF800E1A199 /* SignUp.m in Sources */ = {isa = PBXBuildFile; fileRef = A9FDBE671B5D9CF800E1A199 /* SignUp.m */; };
		A9FDBE7F1B5D9CF800E1A199 /* UserHome.m in Sources */ = {isa = PBXBuildFile; fileRef = A9FDBE6A1B5D9CF800E1A199 /* UserHome.m */; };
		A9FDBE801B5D9CF800E1A199 /* FacebookButton.png in Resources */ = {isa = PBXBuildFile; fileRef = A9FDBE6C1B5D9CF800E1A199 /* FacebookButton.png */; };
		A9FDBE811B5D9CF800E1A199 /* FS Logo.png in Resources */ = {isa = PBXBuildFile; fileRef = A9FDBE6D1B5D9CF800E1A199 /* FS Logo.png */; };
		A9FDBE821B5D9CF800E1A199 /* New.png in Resources */ = {isa = PBXBuildFile; fileRef = A9FDBE6E1B5D9CF800E1A199 /* New.png */; };
		A9FDBE851B5D9CF800E1A199 /* Info.plist in Resources */ = {isa = PBXBuildFile; fileRef = A9FDBE721B5D9CF800E1A199 /* Info.plist */; };
		A9FDBE891B5D9F7900E1A199 /* ForgotPassword.m in Sources */ = {isa = PBXBuildFile; fileRef = A9FDBE881B5D9F7900E1A199 /* ForgotPassword.m */; };
/* End PBXBuildFile section */

/* Begin PBXContainerItemProxy section */
		A9AFBA3B1B58554B005C08BE /* PBXContainerItemProxy */ = {
			isa = PBXContainerItemProxy;
			containerPortal = A9AFBA191B58554B005C08BE /* Project object */;
			proxyType = 1;
			remoteGlobalIDString = A9AFBA201B58554B005C08BE;
			remoteInfo = FriendsSpotFinal;
		};
/* End PBXContainerItemProxy section */

/* Begin PBXFileReference section */
		A9049AC91B7D6D1400497091 /* Images.xcassets */ = {isa = PBXFileReference; lastKnownFileType = folder.assetcatalog; path = Images.xcassets; sourceTree = "<group>"; };
		A9049ACC1B7D6DB200497091 /* MainViewController.h */ = {isa = PBXFileReference; fileEncoding = 4; lastKnownFileType = sourcecode.c.h; path = MainViewController.h; sourceTree = "<group>"; };
		A9049ACD1B7D6DB200497091 /* MainViewController.m */ = {isa = PBXFileReference; fileEncoding = 4; lastKnownFileType = sourcecode.c.objc; path = MainViewController.m; sourceTree = "<group>"; };
		A9049ACE1B7D6DB200497091 /* MapViewController.h */ = {isa = PBXFileReference; fileEncoding = 4; lastKnownFileType = sourcecode.c.h; path = MapViewController.h; sourceTree = "<group>"; };
		A9049ACF1B7D6DB200497091 /* MapViewController.m */ = {isa = PBXFileReference; fileEncoding = 4; lastKnownFileType = sourcecode.c.objc; path = MapViewController.m; sourceTree = "<group>"; };
		A9049AD01B7D6DB200497091 /* PhotoViewController.h */ = {isa = PBXFileReference; fileEncoding = 4; lastKnownFileType = sourcecode.c.h; path = PhotoViewController.h; sourceTree = "<group>"; };
		A9049AD11B7D6DB200497091 /* PhotoViewController.m */ = {isa = PBXFileReference; fileEncoding = 4; lastKnownFileType = sourcecode.c.objc; path = PhotoViewController.m; sourceTree = "<group>"; };
		A9049AD21B7D6DB200497091 /* SidebarTableViewController.h */ = {isa = PBXFileReference; fileEncoding = 4; lastKnownFileType = sourcecode.c.h; path = SidebarTableViewController.h; sourceTree = "<group>"; };
		A9049AD31B7D6DB200497091 /* SidebarTableViewController.m */ = {isa = PBXFileReference; fileEncoding = 4; lastKnownFileType = sourcecode.c.objc; path = SidebarTableViewController.m; sourceTree = "<group>"; };
		A9049AD41B7D6DB200497091 /* SWRevealViewController.h */ = {isa = PBXFileReference; fileEncoding = 4; lastKnownFileType = sourcecode.c.h; path = SWRevealViewController.h; sourceTree = "<group>"; };
		A9049AD51B7D6DB200497091 /* SWRevealViewController.m */ = {isa = PBXFileReference; fileEncoding = 4; lastKnownFileType = sourcecode.c.objc; path = SWRevealViewController.m; sourceTree = "<group>"; };
		A91938BF1B71717D00DF12B5 /* Security.h */ = {isa = PBXFileReference; fileEncoding = 4; lastKnownFileType = sourcecode.c.h; path = Security.h; sourceTree = "<group>"; };
		A91938C01B71717D00DF12B5 /* Security.m */ = {isa = PBXFileReference; fileEncoding = 4; lastKnownFileType = sourcecode.c.objc; path = Security.m; sourceTree = "<group>"; };
		A91938C21B71719000DF12B5 /* Blocking.h */ = {isa = PBXFileReference; fileEncoding = 4; lastKnownFileType = sourcecode.c.h; path = Blocking.h; sourceTree = "<group>"; };
		A91938C31B71719000DF12B5 /* Blocking.m */ = {isa = PBXFileReference; fileEncoding = 4; lastKnownFileType = sourcecode.c.objc; path = Blocking.m; sourceTree = "<group>"; };
		A91938C51B7171CB00DF12B5 /* ChangePassword.h */ = {isa = PBXFileReference; fileEncoding = 4; lastKnownFileType = sourcecode.c.h; path = ChangePassword.h; sourceTree = "<group>"; };
		A91938C61B7171CB00DF12B5 /* ChangePassword.m */ = {isa = PBXFileReference; fileEncoding = 4; lastKnownFileType = sourcecode.c.objc; path = ChangePassword.m; sourceTree = "<group>"; };
		A91938C81B7172DF00DF12B5 /* EditProfile.h */ = {isa = PBXFileReference; fileEncoding = 4; lastKnownFileType = sourcecode.c.h; path = EditProfile.h; sourceTree = "<group>"; };
		A91938C91B7172DF00DF12B5 /* EditProfile.m */ = {isa = PBXFileReference; fileEncoding = 4; lastKnownFileType = sourcecode.c.objc; path = EditProfile.m; sourceTree = "<group>"; };
		A91938CC1B71757700DF12B5 /* ButtonLayers.h */ = {isa = PBXFileReference; fileEncoding = 4; lastKnownFileType = sourcecode.c.h; path = ButtonLayers.h; sourceTree = "<group>"; };
		A91938CD1B71757700DF12B5 /* ButtonLayers.m */ = {isa = PBXFileReference; fileEncoding = 4; lastKnownFileType = sourcecode.c.objc; path = ButtonLayers.m; sourceTree = "<group>"; };
		A91B13AA1B7EB0E50074B5C4 /* Like1.png */ = {isa = PBXFileReference; lastKnownFileType = image.png; path = Like1.png; sourceTree = "<group>"; };
		A91B13AB1B7EB0E50074B5C4 /* Like2.png */ = {isa = PBXFileReference; lastKnownFileType = image.png; path = Like2.png; sourceTree = "<group>"; };
		A91E7DF51B5F0E3400B933B3 /* main 16-30-32-750.m */ = {isa = PBXFileReference; fileEncoding = 4; lastKnownFileType = sourcecode.c.objc; name = "main 16-30-32-750.m"; path = "FriendsSpotFinal/main 16-30-32-750.m"; sourceTree = "<group>"; };
		A91E7DFE1B5F1C3100B933B3 /* ForgotPassword2.h */ = {isa = PBXFileReference; fileEncoding = 4; lastKnownFileType = sourcecode.c.h; path = ForgotPassword2.h; sourceTree = "<group>"; };
		A91E7DFF1B5F1C3100B933B3 /* ForgotPassword2.m */ = {isa = PBXFileReference; fileEncoding = 4; lastKnownFileType = sourcecode.c.objc; path = ForgotPassword2.m; sourceTree = "<group>"; };
		A934866F1B7D45A200BA0818 /* SearchFriends.h */ = {isa = PBXFileReference; fileEncoding = 4; lastKnownFileType = sourcecode.c.h; path = SearchFriends.h; sourceTree = "<group>"; };
		A93486701B7D45A200BA0818 /* SearchFriends.m */ = {isa = PBXFileReference; fileEncoding = 4; lastKnownFileType = sourcecode.c.objc; path = SearchFriends.m; sourceTree = "<group>"; };
		A93486721B7D465600BA0818 /* FindFriends.h */ = {isa = PBXFileReference; fileEncoding = 4; lastKnownFileType = sourcecode.c.h; path = FindFriends.h; sourceTree = "<group>"; };
		A93486731B7D465600BA0818 /* FindFriends.m */ = {isa = PBXFileReference; fileEncoding = 4; lastKnownFileType = sourcecode.c.objc; path = FindFriends.m; sourceTree = "<group>"; };
		A945127F1B7417BF002DA50A /* selectImg.png */ = {isa = PBXFileReference; lastKnownFileType = image.png; path = selectImg.png; sourceTree = "<group>"; };
		A94512811B741EE8002DA50A /* user.png */ = {isa = PBXFileReference; lastKnownFileType = image.png; path = user.png; sourceTree = "<group>"; };
		A94512831B7420D6002DA50A /* loading.gif */ = {isa = PBXFileReference; lastKnownFileType = image.gif; path = loading.gif; sourceTree = "<group>"; };
		A94512861B742AD8002DA50A /* comments.h */ = {isa = PBXFileReference; fileEncoding = 4; lastKnownFileType = sourcecode.c.h; path = comments.h; sourceTree = "<group>"; };
		A94512871B742AD8002DA50A /* comments.m */ = {isa = PBXFileReference; fileEncoding = 4; lastKnownFileType = sourcecode.c.objc; path = comments.m; sourceTree = "<group>"; };
		A97C561F1B66FC5100BDAC16 /* XT_problem.png */ = {isa = PBXFileReference; lastKnownFileType = image.png; path = XT_problem.png; sourceTree = "<group>"; };
		A97C56221B670E2800BDAC16 /* TPKeyboardAvoidingCollectionView.h */ = {isa = PBXFileReference; fileEncoding = 4; lastKnownFileType = sourcecode.c.h; path = TPKeyboardAvoidingCollectionView.h; sourceTree = "<group>"; };
		A97C56231B670E2800BDAC16 /* TPKeyboardAvoidingCollectionView.m */ = {isa = PBXFileReference; fileEncoding = 4; lastKnownFileType = sourcecode.c.objc; path = TPKeyboardAvoidingCollectionView.m; sourceTree = "<group>"; };
		A97C56241B670E2800BDAC16 /* TPKeyboardAvoidingScrollView.h */ = {isa = PBXFileReference; fileEncoding = 4; lastKnownFileType = sourcecode.c.h; path = TPKeyboardAvoidingScrollView.h; sourceTree = "<group>"; };
		A97C56251B670E2800BDAC16 /* TPKeyboardAvoidingScrollView.m */ = {isa = PBXFileReference; fileEncoding = 4; lastKnownFileType = sourcecode.c.objc; path = TPKeyboardAvoidingScrollView.m; sourceTree = "<group>"; };
		A97C56261B670E2800BDAC16 /* TPKeyboardAvoidingTableView.h */ = {isa = PBXFileReference; fileEncoding = 4; lastKnownFileType = sourcecode.c.h; path = TPKeyboardAvoidingTableView.h; sourceTree = "<group>"; };
		A97C56271B670E2800BDAC16 /* TPKeyboardAvoidingTableView.m */ = {isa = PBXFileReference; fileEncoding = 4; lastKnownFileType = sourcecode.c.objc; path = TPKeyboardAvoidingTableView.m; sourceTree = "<group>"; };
		A97C56281B670E2800BDAC16 /* UIScrollView+TPKeyboardAvoidingAdditions.h */ = {isa = PBXFileReference; fileEncoding = 4; lastKnownFileType = sourcecode.c.h; path = "UIScrollView+TPKeyboardAvoidingAdditions.h"; sourceTree = "<group>"; };
		A97C56291B670E2800BDAC16 /* UIScrollView+TPKeyboardAvoidingAdditions.m */ = {isa = PBXFileReference; fileEncoding = 4; lastKnownFileType = sourcecode.c.objc; path = "UIScrollView+TPKeyboardAvoidingAdditions.m"; sourceTree = "<group>"; };
		A99A07141B69AA6900ED4102 /* Default-568h@2x.png */ = {isa = PBXFileReference; lastKnownFileType = image.png; path = "Default-568h@2x.png"; sourceTree = "<group>"; };
		A99A07151B69AA6900ED4102 /* Default.png */ = {isa = PBXFileReference; lastKnownFileType = image.png; path = Default.png; sourceTree = "<group>"; };
		A99A07161B69AA6900ED4102 /* Default@2x.png */ = {isa = PBXFileReference; lastKnownFileType = image.png; path = "Default@2x.png"; sourceTree = "<group>"; };
		A99A07171B69AA6900ED4102 /* DropdownMenu-Example-Prefix.pch */ = {isa = PBXFileReference; fileEncoding = 4; lastKnownFileType = sourcecode.c.h; path = "DropdownMenu-Example-Prefix.pch"; sourceTree = "<group>"; };
		A9AF40C61B6C4C840055B0F7 /* MesaageVC.h */ = {isa = PBXFileReference; fileEncoding = 4; lastKnownFileType = sourcecode.c.h; path = MesaageVC.h; sourceTree = "<group>"; };
		A9AF40C71B6C4C840055B0F7 /* MesaageVC.m */ = {isa = PBXFileReference; fileEncoding = 4; lastKnownFileType = sourcecode.c.objc; path = MesaageVC.m; sourceTree = "<group>"; };
		A9AFBA211B58554B005C08BE /* FriendsSpotFinal.app */ = {isa = PBXFileReference; explicitFileType = wrapper.application; includeInIndex = 0; path = FriendsSpotFinal.app; sourceTree = BUILT_PRODUCTS_DIR; };
		A9AFBA251B58554B005C08BE /* Info.plist */ = {isa = PBXFileReference; lastKnownFileType = text.plist.xml; path = Info.plist; sourceTree = "<group>"; };
		A9AFBA3A1B58554B005C08BE /* FriendsSpotFinalTests.xctest */ = {isa = PBXFileReference; explicitFileType = wrapper.cfbundle; includeInIndex = 0; path = FriendsSpotFinalTests.xctest; sourceTree = BUILT_PRODUCTS_DIR; };
		A9AFBA3F1B58554B005C08BE /* Info.plist */ = {isa = PBXFileReference; lastKnownFileType = text.plist.xml; path = Info.plist; sourceTree = "<group>"; };
		A9AFBA401B58554B005C08BE /* FriendsSpotFinalTests.m */ = {isa = PBXFileReference; lastKnownFileType = sourcecode.c.objc; path = FriendsSpotFinalTests.m; sourceTree = "<group>"; };
		A9AFBA641B588A36005C08BE /* NewFSlogo.png */ = {isa = PBXFileReference; lastKnownFileType = image.png; path = NewFSlogo.png; sourceTree = "<group>"; };
		A9BB57FC1B719256009E43C5 /* service.h */ = {isa = PBXFileReference; fileEncoding = 4; lastKnownFileType = sourcecode.c.h; path = service.h; sourceTree = "<group>"; };
		A9BB57FD1B719256009E43C5 /* service.m */ = {isa = PBXFileReference; fileEncoding = 4; lastKnownFileType = sourcecode.c.objc; path = service.m; sourceTree = "<group>"; };
		A9C075181B7958040011F49C /* Sumit.storyboard */ = {isa = PBXFileReference; fileEncoding = 4; lastKnownFileType = file.storyboard; path = Sumit.storyboard; sourceTree = "<group>"; };
		A9D11F351B703E9600E6291B /* GeneralSetting.h */ = {isa = PBXFileReference; fileEncoding = 4; lastKnownFileType = sourcecode.c.h; path = GeneralSetting.h; sourceTree = "<group>"; };
		A9D11F361B703E9600E6291B /* GeneralSetting.m */ = {isa = PBXFileReference; fileEncoding = 4; lastKnownFileType = sourcecode.c.objc; path = GeneralSetting.m; sourceTree = "<group>"; };
		A9D11F381B703F1C00E6291B /* Setting.h */ = {isa = PBXFileReference; fileEncoding = 4; lastKnownFileType = sourcecode.c.h; path = Setting.h; sourceTree = "<group>"; };
		A9D11F391B703F1C00E6291B /* Setting.m */ = {isa = PBXFileReference; fileEncoding = 4; lastKnownFileType = sourcecode.c.objc; path = Setting.m; sourceTree = "<group>"; };
		A9D11F3B1B70422900E6291B /* HomeImage.png */ = {isa = PBXFileReference; lastKnownFileType = image.png; name = HomeImage.png; path = ../HomeImage.png; sourceTree = "<group>"; };
		A9DF96B51B757270004B1D33 /* ButtonColor.h */ = {isa = PBXFileReference; fileEncoding = 4; lastKnownFileType = sourcecode.c.h; path = ButtonColor.h; sourceTree = "<group>"; };
		A9DF96B61B757270004B1D33 /* ButtonColor.m */ = {isa = PBXFileReference; fileEncoding = 4; lastKnownFileType = sourcecode.c.objc; path = ButtonColor.m; sourceTree = "<group>"; };
		A9EA17341B72D4AF007CFABB /* 12.png */ = {isa = PBXFileReference; lastKnownFileType = image.png; path = 12.png; sourceTree = "<group>"; };
		A9EA173C1B7306FB007CFABB /* MKAnnotationView+WebCache.h */ = {isa = PBXFileReference; fileEncoding = 4; lastKnownFileType = sourcecode.c.h; path = "MKAnnotationView+WebCache.h"; sourceTree = "<group>"; };
		A9EA173D1B7306FB007CFABB /* MKAnnotationView+WebCache.m */ = {isa = PBXFileReference; fileEncoding = 4; lastKnownFileType = sourcecode.c.objc; path = "MKAnnotationView+WebCache.m"; sourceTree = "<group>"; };
		A9EA173E1B7306FB007CFABB /* NSData+ImageContentType.h */ = {isa = PBXFileReference; fileEncoding = 4; lastKnownFileType = sourcecode.c.h; path = "NSData+ImageContentType.h"; sourceTree = "<group>"; };
		A9EA173F1B7306FB007CFABB /* NSData+ImageContentType.m */ = {isa = PBXFileReference; fileEncoding = 4; lastKnownFileType = sourcecode.c.objc; path = "NSData+ImageContentType.m"; sourceTree = "<group>"; };
		A9EA17401B7306FB007CFABB /* SDImageCache.h */ = {isa = PBXFileReference; fileEncoding = 4; lastKnownFileType = sourcecode.c.h; path = SDImageCache.h; sourceTree = "<group>"; };
		A9EA17411B7306FB007CFABB /* SDImageCache.m */ = {isa = PBXFileReference; fileEncoding = 4; lastKnownFileType = sourcecode.c.objc; path = SDImageCache.m; sourceTree = "<group>"; };
		A9EA17421B7306FB007CFABB /* SDWebImageCompat.h */ = {isa = PBXFileReference; fileEncoding = 4; lastKnownFileType = sourcecode.c.h; path = SDWebImageCompat.h; sourceTree = "<group>"; };
		A9EA17431B7306FB007CFABB /* SDWebImageCompat.m */ = {isa = PBXFileReference; fileEncoding = 4; lastKnownFileType = sourcecode.c.objc; path = SDWebImageCompat.m; sourceTree = "<group>"; };
		A9EA17441B7306FB007CFABB /* SDWebImageDecoder.h */ = {isa = PBXFileReference; fileEncoding = 4; lastKnownFileType = sourcecode.c.h; path = SDWebImageDecoder.h; sourceTree = "<group>"; };
		A9EA17451B7306FB007CFABB /* SDWebImageDecoder.m */ = {isa = PBXFileReference; fileEncoding = 4; lastKnownFileType = sourcecode.c.objc; path = SDWebImageDecoder.m; sourceTree = "<group>"; };
		A9EA17461B7306FB007CFABB /* SDWebImageDownloader.h */ = {isa = PBXFileReference; fileEncoding = 4; lastKnownFileType = sourcecode.c.h; path = SDWebImageDownloader.h; sourceTree = "<group>"; };
		A9EA17471B7306FB007CFABB /* SDWebImageDownloader.m */ = {isa = PBXFileReference; fileEncoding = 4; lastKnownFileType = sourcecode.c.objc; path = SDWebImageDownloader.m; sourceTree = "<group>"; };
		A9EA17481B7306FB007CFABB /* SDWebImageDownloaderOperation.h */ = {isa = PBXFileReference; fileEncoding = 4; lastKnownFileType = sourcecode.c.h; path = SDWebImageDownloaderOperation.h; sourceTree = "<group>"; };
		A9EA17491B7306FB007CFABB /* SDWebImageDownloaderOperation.m */ = {isa = PBXFileReference; fileEncoding = 4; lastKnownFileType = sourcecode.c.objc; path = SDWebImageDownloaderOperation.m; sourceTree = "<group>"; };
		A9EA174A1B7306FB007CFABB /* SDWebImageManager.h */ = {isa = PBXFileReference; fileEncoding = 4; lastKnownFileType = sourcecode.c.h; path = SDWebImageManager.h; sourceTree = "<group>"; };
		A9EA174B1B7306FB007CFABB /* SDWebImageManager.m */ = {isa = PBXFileReference; fileEncoding = 4; lastKnownFileType = sourcecode.c.objc; path = SDWebImageManager.m; sourceTree = "<group>"; };
		A9EA174C1B7306FB007CFABB /* SDWebImageOperation.h */ = {isa = PBXFileReference; fileEncoding = 4; lastKnownFileType = sourcecode.c.h; path = SDWebImageOperation.h; sourceTree = "<group>"; };
		A9EA174D1B7306FB007CFABB /* SDWebImagePrefetcher.h */ = {isa = PBXFileReference; fileEncoding = 4; lastKnownFileType = sourcecode.c.h; path = SDWebImagePrefetcher.h; sourceTree = "<group>"; };
		A9EA174E1B7306FB007CFABB /* SDWebImagePrefetcher.m */ = {isa = PBXFileReference; fileEncoding = 4; lastKnownFileType = sourcecode.c.objc; path = SDWebImagePrefetcher.m; sourceTree = "<group>"; };
		A9EA174F1B7306FB007CFABB /* UIButton+WebCache.h */ = {isa = PBXFileReference; fileEncoding = 4; lastKnownFileType = sourcecode.c.h; path = "UIButton+WebCache.h"; sourceTree = "<group>"; };
		A9EA17501B7306FB007CFABB /* UIButton+WebCache.m */ = {isa = PBXFileReference; fileEncoding = 4; lastKnownFileType = sourcecode.c.objc; path = "UIButton+WebCache.m"; sourceTree = "<group>"; };
		A9EA17511B7306FB007CFABB /* UIImage+GIF.h */ = {isa = PBXFileReference; fileEncoding = 4; lastKnownFileType = sourcecode.c.h; path = "UIImage+GIF.h"; sourceTree = "<group>"; };
		A9EA17521B7306FB007CFABB /* UIImage+GIF.m */ = {isa = PBXFileReference; fileEncoding = 4; lastKnownFileType = sourcecode.c.objc; path = "UIImage+GIF.m"; sourceTree = "<group>"; };
		A9EA17531B7306FB007CFABB /* UIImage+MultiFormat.h */ = {isa = PBXFileReference; fileEncoding = 4; lastKnownFileType = sourcecode.c.h; path = "UIImage+MultiFormat.h"; sourceTree = "<group>"; };
		A9EA17541B7306FB007CFABB /* UIImage+MultiFormat.m */ = {isa = PBXFileReference; fileEncoding = 4; lastKnownFileType = sourcecode.c.objc; path = "UIImage+MultiFormat.m"; sourceTree = "<group>"; };
		A9EA17551B7306FB007CFABB /* UIImage+WebP.h */ = {isa = PBXFileReference; fileEncoding = 4; lastKnownFileType = sourcecode.c.h; path = "UIImage+WebP.h"; sourceTree = "<group>"; };
		A9EA17561B7306FB007CFABB /* UIImage+WebP.m */ = {isa = PBXFileReference; fileEncoding = 4; lastKnownFileType = sourcecode.c.objc; path = "UIImage+WebP.m"; sourceTree = "<group>"; };
		A9EA17571B7306FB007CFABB /* UIImageView+HighlightedWebCache.h */ = {isa = PBXFileReference; fileEncoding = 4; lastKnownFileType = sourcecode.c.h; path = "UIImageView+HighlightedWebCache.h"; sourceTree = "<group>"; };
		A9EA17581B7306FB007CFABB /* UIImageView+HighlightedWebCache.m */ = {isa = PBXFileReference; fileEncoding = 4; lastKnownFileType = sourcecode.c.objc; path = "UIImageView+HighlightedWebCache.m"; sourceTree = "<group>"; };
		A9EA17591B7306FB007CFABB /* UIImageView+WebCache.h */ = {isa = PBXFileReference; fileEncoding = 4; lastKnownFileType = sourcecode.c.h; path = "UIImageView+WebCache.h"; sourceTree = "<group>"; };
		A9EA175A1B7306FB007CFABB /* UIImageView+WebCache.m */ = {isa = PBXFileReference; fileEncoding = 4; lastKnownFileType = sourcecode.c.objc; path = "UIImageView+WebCache.m"; sourceTree = "<group>"; };
		A9EA175B1B7306FB007CFABB /* UIView+WebCacheOperation.h */ = {isa = PBXFileReference; fileEncoding = 4; lastKnownFileType = sourcecode.c.h; path = "UIView+WebCacheOperation.h"; sourceTree = "<group>"; };
		A9EA175C1B7306FB007CFABB /* UIView+WebCacheOperation.m */ = {isa = PBXFileReference; fileEncoding = 4; lastKnownFileType = sourcecode.c.objc; path = "UIView+WebCacheOperation.m"; sourceTree = "<group>"; };
		A9FDBE4F1B5D9CF800E1A199 /* Info.plist */ = {isa = PBXFileReference; fileEncoding = 4; lastKnownFileType = text.plist.xml; path = Info.plist; sourceTree = "<group>"; };
		A9FDBE511B5D9CF800E1A199 /* NewFSlogo.png */ = {isa = PBXFileReference; lastKnownFileType = image.png; path = NewFSlogo.png; sourceTree = "<group>"; };
		A9FDBE531B5D9CF800E1A199 /* Govind.storyboard */ = {isa = PBXFileReference; fileEncoding = 4; lastKnownFileType = file.storyboard; path = Govind.storyboard; sourceTree = "<group>"; };
		A9FDBE541B5D9CF800E1A199 /* Raj.storyboard */ = {isa = PBXFileReference; fileEncoding = 4; lastKnownFileType = file.storyboard; path = Raj.storyboard; sourceTree = "<group>"; };
		A9FDBE581B5D9CF800E1A199 /* AppDelegate.h */ = {isa = PBXFileReference; fileEncoding = 4; lastKnownFileType = sourcecode.c.h; path = AppDelegate.h; sourceTree = "<group>"; };
		A9FDBE591B5D9CF800E1A199 /* AppDelegate.m */ = {isa = PBXFileReference; fileEncoding = 4; lastKnownFileType = sourcecode.c.objc; path = AppDelegate.m; sourceTree = "<group>"; };
		A9FDBE5B1B5D9CF800E1A199 /* Base */ = {isa = PBXFileReference; lastKnownFileType = file.xib; name = Base; path = Base.lproj/LaunchScreen.xib; sourceTree = "<group>"; };
		A9FDBE5D1B5D9CF800E1A199 /* Base */ = {isa = PBXFileReference; lastKnownFileType = file.storyboard; name = Base; path = Base.lproj/Main.storyboard; sourceTree = "<group>"; };
		A9FDBE5F1B5D9CF800E1A199 /* AppDelegate.h */ = {isa = PBXFileReference; fileEncoding = 4; lastKnownFileType = sourcecode.c.h; path = AppDelegate.h; sourceTree = "<group>"; };
		A9FDBE601B5D9CF800E1A199 /* ViewController.h */ = {isa = PBXFileReference; fileEncoding = 4; lastKnownFileType = sourcecode.c.h; path = ViewController.h; sourceTree = "<group>"; };
		A9FDBE611B5D9CF800E1A199 /* ViewController.m */ = {isa = PBXFileReference; fileEncoding = 4; lastKnownFileType = sourcecode.c.objc; path = ViewController.m; sourceTree = "<group>"; };
		A9FDBE631B5D9CF800E1A199 /* Login.h */ = {isa = PBXFileReference; fileEncoding = 4; lastKnownFileType = sourcecode.c.h; path = Login.h; sourceTree = "<group>"; };
		A9FDBE641B5D9CF800E1A199 /* Login.m */ = {isa = PBXFileReference; fileEncoding = 4; lastKnownFileType = sourcecode.c.objc; path = Login.m; sourceTree = "<group>"; };
		A9FDBE661B5D9CF800E1A199 /* SignUp.h */ = {isa = PBXFileReference; fileEncoding = 4; lastKnownFileType = sourcecode.c.h; path = SignUp.h; sourceTree = "<group>"; };
		A9FDBE671B5D9CF800E1A199 /* SignUp.m */ = {isa = PBXFileReference; fileEncoding = 4; lastKnownFileType = sourcecode.c.objc; path = SignUp.m; sourceTree = "<group>"; };
		A9FDBE691B5D9CF800E1A199 /* UserHome.h */ = {isa = PBXFileReference; fileEncoding = 4; lastKnownFileType = sourcecode.c.h; path = UserHome.h; sourceTree = "<group>"; };
		A9FDBE6A1B5D9CF800E1A199 /* UserHome.m */ = {isa = PBXFileReference; fileEncoding = 4; lastKnownFileType = sourcecode.c.objc; path = UserHome.m; sourceTree = "<group>"; };
		A9FDBE6C1B5D9CF800E1A199 /* FacebookButton.png */ = {isa = PBXFileReference; lastKnownFileType = image.png; path = FacebookButton.png; sourceTree = "<group>"; };
		A9FDBE6D1B5D9CF800E1A199 /* FS Logo.png */ = {isa = PBXFileReference; lastKnownFileType = image.png; path = "FS Logo.png"; sourceTree = "<group>"; };
		A9FDBE6E1B5D9CF800E1A199 /* New.png */ = {isa = PBXFileReference; lastKnownFileType = image.png; path = New.png; sourceTree = "<group>"; };
		A9FDBE711B5D9CF800E1A199 /* FriendsSpotFinalTests.m */ = {isa = PBXFileReference; fileEncoding = 4; lastKnownFileType = sourcecode.c.objc; path = FriendsSpotFinalTests.m; sourceTree = "<group>"; };
		A9FDBE721B5D9CF800E1A199 /* Info.plist */ = {isa = PBXFileReference; fileEncoding = 4; lastKnownFileType = text.plist.xml; path = Info.plist; sourceTree = "<group>"; };
		A9FDBE871B5D9F7900E1A199 /* ForgotPassword.h */ = {isa = PBXFileReference; fileEncoding = 4; lastKnownFileType = sourcecode.c.h; path = ForgotPassword.h; sourceTree = "<group>"; };
		A9FDBE881B5D9F7900E1A199 /* ForgotPassword.m */ = {isa = PBXFileReference; fileEncoding = 4; lastKnownFileType = sourcecode.c.objc; path = ForgotPassword.m; sourceTree = "<group>"; };
/* End PBXFileReference section */

/* Begin PBXFrameworksBuildPhase section */
		A9AFBA1E1B58554B005C08BE /* Frameworks */ = {
			isa = PBXFrameworksBuildPhase;
			buildActionMask = 2147483647;
			files = (
			);
			runOnlyForDeploymentPostprocessing = 0;
		};
		A9AFBA371B58554B005C08BE /* Frameworks */ = {
			isa = PBXFrameworksBuildPhase;
			buildActionMask = 2147483647;
			files = (
			);
			runOnlyForDeploymentPostprocessing = 0;
		};
/* End PBXFrameworksBuildPhase section */

/* Begin PBXGroup section */
		A9049ACB1B7D6DB200497091 /* Drawer */ = {
			isa = PBXGroup;
			children = (
				A9049ACC1B7D6DB200497091 /* MainViewController.h */,
				A9049ACD1B7D6DB200497091 /* MainViewController.m */,
				A9049ACE1B7D6DB200497091 /* MapViewController.h */,
				A9049ACF1B7D6DB200497091 /* MapViewController.m */,
				A9049AD01B7D6DB200497091 /* PhotoViewController.h */,
				A9049AD11B7D6DB200497091 /* PhotoViewController.m */,
				A9049AD21B7D6DB200497091 /* SidebarTableViewController.h */,
				A9049AD31B7D6DB200497091 /* SidebarTableViewController.m */,
				A9049AD41B7D6DB200497091 /* SWRevealViewController.h */,
				A9049AD51B7D6DB200497091 /* SWRevealViewController.m */,
			);
			path = Drawer;
			sourceTree = "<group>";
		};
		A91938CB1B7174E600DF12B5 /* SubClasses */ = {
			isa = PBXGroup;
			children = (
				A9DF96B51B757270004B1D33 /* ButtonColor.h */,
				A9DF96B61B757270004B1D33 /* ButtonColor.m */,
				A91938CC1B71757700DF12B5 /* ButtonLayers.h */,
				A91938CD1B71757700DF12B5 /* ButtonLayers.m */,
			);
			path = SubClasses;
			sourceTree = "<group>";
		};
		A934866B1B7D3C8200BA0818 /* FindFriends */ = {
			isa = PBXGroup;
			children = (
				A93486721B7D465600BA0818 /* FindFriends.h */,
				A93486731B7D465600BA0818 /* FindFriends.m */,
				A934866F1B7D45A200BA0818 /* SearchFriends.h */,
				A93486701B7D45A200BA0818 /* SearchFriends.m */,
			);
			path = FindFriends;
			sourceTree = "<group>";
		};
		A94512851B742A9E002DA50A /* comments */ = {
			isa = PBXGroup;
			children = (
				A94512861B742AD8002DA50A /* comments.h */,
				A94512871B742AD8002DA50A /* comments.m */,
			);
			name = comments;
			path = ..;
			sourceTree = "<group>";
		};
		A97C56211B670E2800BDAC16 /* TPKeyboardAvoiding */ = {
			isa = PBXGroup;
			children = (
				A97C56221B670E2800BDAC16 /* TPKeyboardAvoidingCollectionView.h */,
				A97C56231B670E2800BDAC16 /* TPKeyboardAvoidingCollectionView.m */,
				A97C56241B670E2800BDAC16 /* TPKeyboardAvoidingScrollView.h */,
				A97C56251B670E2800BDAC16 /* TPKeyboardAvoidingScrollView.m */,
				A97C56261B670E2800BDAC16 /* TPKeyboardAvoidingTableView.h */,
				A97C56271B670E2800BDAC16 /* TPKeyboardAvoidingTableView.m */,
				A97C56281B670E2800BDAC16 /* UIScrollView+TPKeyboardAvoidingAdditions.h */,
				A97C56291B670E2800BDAC16 /* UIScrollView+TPKeyboardAvoidingAdditions.m */,
			);
			path = TPKeyboardAvoiding;
			sourceTree = "<group>";
		};
		A9AF40C51B6C4C840055B0F7 /* MessageVC */ = {
			isa = PBXGroup;
			children = (
				A9AF40C61B6C4C840055B0F7 /* MesaageVC.h */,
				A9AF40C71B6C4C840055B0F7 /* MesaageVC.m */,
			);
			path = MessageVC;
			sourceTree = "<group>";
		};
		A9AFBA181B58554B005C08BE = {
			isa = PBXGroup;
			children = (
				A97C56211B670E2800BDAC16 /* TPKeyboardAvoiding */,
				A91E7DF51B5F0E3400B933B3 /* main 16-30-32-750.m */,
				A9FDBE4E1B5D9CF800E1A199 /* FriendsSpotFinal */,
				A9FDBE521B5D9CF800E1A199 /* Storyboards */,
				A9FDBE561B5D9CF800E1A199 /* All Classes */,
				A9FDBE6B1B5D9CF800E1A199 /* Images */,
				A9FDBE701B5D9CF800E1A199 /* FriendsSpotFinalTests */,
				A9AFBA231B58554B005C08BE /* FriendsSpotFinal */,
				A9AFBA3D1B58554B005C08BE /* FriendsSpotFinalTests */,
				A9AFBA221B58554B005C08BE /* Products */,
				A9049AC91B7D6D1400497091 /* Images.xcassets */,
				A9AFBA241B58554B005C08BE /* Supporting Files */,
			);
			sourceTree = "<group>";
		};
		A9AFBA221B58554B005C08BE /* Products */ = {
			isa = PBXGroup;
			children = (
				A9AFBA211B58554B005C08BE /* FriendsSpotFinal.app */,
				A9AFBA3A1B58554B005C08BE /* FriendsSpotFinalTests.xctest */,
			);
			name = Products;
			sourceTree = "<group>";
		};
		A9AFBA231B58554B005C08BE /* FriendsSpotFinal */ = {
			isa = PBXGroup;
			children = (
				A9AFBA641B588A36005C08BE /* NewFSlogo.png */,
			);
			path = FriendsSpotFinal;
			sourceTree = "<group>";
		};
		A9AFBA241B58554B005C08BE /* Supporting Files */ = {
			isa = PBXGroup;
			children = (
				A99A07141B69AA6900ED4102 /* Default-568h@2x.png */,
				A99A07151B69AA6900ED4102 /* Default.png */,
				A99A07161B69AA6900ED4102 /* Default@2x.png */,
				A99A07171B69AA6900ED4102 /* DropdownMenu-Example-Prefix.pch */,
				A9AFBA251B58554B005C08BE /* Info.plist */,
			);
			name = "Supporting Files";
			path = FriendsSpotFinal;
			sourceTree = "<group>";
		};
		A9AFBA3D1B58554B005C08BE /* FriendsSpotFinalTests */ = {
			isa = PBXGroup;
			children = (
				A9AFBA401B58554B005C08BE /* FriendsSpotFinalTests.m */,
				A9AFBA3E1B58554B005C08BE /* Supporting Files */,
			);
			path = FriendsSpotFinalTests;
			sourceTree = "<group>";
		};
		A9AFBA3E1B58554B005C08BE /* Supporting Files */ = {
			isa = PBXGroup;
			children = (
				A9AFBA3F1B58554B005C08BE /* Info.plist */,
			);
			name = "Supporting Files";
			sourceTree = "<group>";
		};
		A9BB57FB1B719211009E43C5 /* service */ = {
			isa = PBXGroup;
			children = (
				A9BB57FC1B719256009E43C5 /* service.h */,
				A9BB57FD1B719256009E43C5 /* service.m */,
			);
			name = service;
			sourceTree = "<group>";
		};
		A9D11F341B703E6C00E6291B /* Setting */ = {
			isa = PBXGroup;
			children = (
				A9D11F351B703E9600E6291B /* GeneralSetting.h */,
				A9D11F361B703E9600E6291B /* GeneralSetting.m */,
				A9D11F381B703F1C00E6291B /* Setting.h */,
				A9D11F391B703F1C00E6291B /* Setting.m */,
				A91938BF1B71717D00DF12B5 /* Security.h */,
				A91938C01B71717D00DF12B5 /* Security.m */,
				A91938C21B71719000DF12B5 /* Blocking.h */,
				A91938C31B71719000DF12B5 /* Blocking.m */,
				A91938C51B7171CB00DF12B5 /* ChangePassword.h */,
				A91938C61B7171CB00DF12B5 /* ChangePassword.m */,
				A91938C81B7172DF00DF12B5 /* EditProfile.h */,
				A91938C91B7172DF00DF12B5 /* EditProfile.m */,
			);
			path = Setting;
			sourceTree = "<group>";
		};
		A9EA173B1B7306FB007CFABB /* SDWebImage */ = {
			isa = PBXGroup;
			children = (
				A9EA173C1B7306FB007CFABB /* MKAnnotationView+WebCache.h */,
				A9EA173D1B7306FB007CFABB /* MKAnnotationView+WebCache.m */,
				A9EA173E1B7306FB007CFABB /* NSData+ImageContentType.h */,
				A9EA173F1B7306FB007CFABB /* NSData+ImageContentType.m */,
				A9EA17401B7306FB007CFABB /* SDImageCache.h */,
				A9EA17411B7306FB007CFABB /* SDImageCache.m */,
				A9EA17421B7306FB007CFABB /* SDWebImageCompat.h */,
				A9EA17431B7306FB007CFABB /* SDWebImageCompat.m */,
				A9EA17441B7306FB007CFABB /* SDWebImageDecoder.h */,
				A9EA17451B7306FB007CFABB /* SDWebImageDecoder.m */,
				A9EA17461B7306FB007CFABB /* SDWebImageDownloader.h */,
				A9EA17471B7306FB007CFABB /* SDWebImageDownloader.m */,
				A9EA17481B7306FB007CFABB /* SDWebImageDownloaderOperation.h */,
				A9EA17491B7306FB007CFABB /* SDWebImageDownloaderOperation.m */,
				A9EA174A1B7306FB007CFABB /* SDWebImageManager.h */,
				A9EA174B1B7306FB007CFABB /* SDWebImageManager.m */,
				A9EA174C1B7306FB007CFABB /* SDWebImageOperation.h */,
				A9EA174D1B7306FB007CFABB /* SDWebImagePrefetcher.h */,
				A9EA174E1B7306FB007CFABB /* SDWebImagePrefetcher.m */,
				A9EA174F1B7306FB007CFABB /* UIButton+WebCache.h */,
				A9EA17501B7306FB007CFABB /* UIButton+WebCache.m */,
				A9EA17511B7306FB007CFABB /* UIImage+GIF.h */,
				A9EA17521B7306FB007CFABB /* UIImage+GIF.m */,
				A9EA17531B7306FB007CFABB /* UIImage+MultiFormat.h */,
				A9EA17541B7306FB007CFABB /* UIImage+MultiFormat.m */,
				A9EA17551B7306FB007CFABB /* UIImage+WebP.h */,
				A9EA17561B7306FB007CFABB /* UIImage+WebP.m */,
				A9EA17571B7306FB007CFABB /* UIImageView+HighlightedWebCache.h */,
				A9EA17581B7306FB007CFABB /* UIImageView+HighlightedWebCache.m */,
				A9EA17591B7306FB007CFABB /* UIImageView+WebCache.h */,
				A9EA175A1B7306FB007CFABB /* UIImageView+WebCache.m */,
				A9EA175B1B7306FB007CFABB /* UIView+WebCacheOperation.h */,
				A9EA175C1B7306FB007CFABB /* UIView+WebCacheOperation.m */,
			);
			path = SDWebImage;
			sourceTree = "<group>";
		};
		A9FDBE4E1B5D9CF800E1A199 /* FriendsSpotFinal */ = {
			isa = PBXGroup;
			children = (
				A9EA17341B72D4AF007CFABB /* 12.png */,
				A9FDBE4F1B5D9CF800E1A199 /* Info.plist */,
				A9FDBE511B5D9CF800E1A199 /* NewFSlogo.png */,
			);
			path = FriendsSpotFinal;
			sourceTree = "<group>";
		};
		A9FDBE521B5D9CF800E1A199 /* Storyboards */ = {
			isa = PBXGroup;
			children = (
				A9C075181B7958040011F49C /* Sumit.storyboard */,
				A9FDBE531B5D9CF800E1A199 /* Govind.storyboard */,
				A9FDBE541B5D9CF800E1A199 /* Raj.storyboard */,
			);
			path = Storyboards;
			sourceTree = "<group>";
		};
		A9FDBE561B5D9CF800E1A199 /* All Classes */ = {
			isa = PBXGroup;
			children = (
				A9049ACB1B7D6DB200497091 /* Drawer */,
				A934866B1B7D3C8200BA0818 /* FindFriends */,
				A9EA173B1B7306FB007CFABB /* SDWebImage */,
				A9BB57FB1B719211009E43C5 /* service */,
				A91938CB1B7174E600DF12B5 /* SubClasses */,
				A9D11F341B703E6C00E6291B /* Setting */,
				A9AF40C51B6C4C840055B0F7 /* MessageVC */,
				A9FDBE861B5D9F5C00E1A199 /* ForgotPassword */,
				A9FDBE571B5D9CF800E1A199 /* Extra */,
				A9FDBE621B5D9CF800E1A199 /* Login */,
				A9FDBE651B5D9CF800E1A199 /* SignUp */,
				A9FDBE681B5D9CF800E1A199 /* UserHome */,
			);
			path = "All Classes";
			sourceTree = "<group>";
		};
		A9FDBE571B5D9CF800E1A199 /* Extra */ = {
			isa = PBXGroup;
			children = (
				A9FDBE581B5D9CF800E1A199 /* AppDelegate.h */,
				A9FDBE591B5D9CF800E1A199 /* AppDelegate.m */,
				A9FDBE5E1B5D9CF800E1A199 /* Test */,
				A9FDBE601B5D9CF800E1A199 /* ViewController.h */,
				A9FDBE611B5D9CF800E1A199 /* ViewController.m */,
			);
			path = Extra;
			sourceTree = "<group>";
		};
		A9FDBE5E1B5D9CF800E1A199 /* Test */ = {
			isa = PBXGroup;
			children = (
				A9FDBE5F1B5D9CF800E1A199 /* AppDelegate.h */,
			);
			path = Test;
			sourceTree = "<group>";
		};
		A9FDBE621B5D9CF800E1A199 /* Login */ = {
			isa = PBXGroup;
			children = (
				A9FDBE631B5D9CF800E1A199 /* Login.h */,
				A9FDBE641B5D9CF800E1A199 /* Login.m */,
			);
			path = Login;
			sourceTree = "<group>";
		};
		A9FDBE651B5D9CF800E1A199 /* SignUp */ = {
			isa = PBXGroup;
			children = (
				A9FDBE661B5D9CF800E1A199 /* SignUp.h */,
				A9FDBE671B5D9CF800E1A199 /* SignUp.m */,
			);
			path = SignUp;
			sourceTree = "<group>";
		};
		A9FDBE681B5D9CF800E1A199 /* UserHome */ = {
			isa = PBXGroup;
			children = (
				A9FDBE691B5D9CF800E1A199 /* UserHome.h */,
				A9FDBE6A1B5D9CF800E1A199 /* UserHome.m */,
				A94512851B742A9E002DA50A /* comments */,
			);
			path = UserHome;
			sourceTree = "<group>";
		};
		A9FDBE6B1B5D9CF800E1A199 /* Images */ = {
			isa = PBXGroup;
			children = (
				A94512811B741EE8002DA50A /* user.png */,
				A94512831B7420D6002DA50A /* loading.gif */,
				A91B13AA1B7EB0E50074B5C4 /* Like1.png */,
				A91B13AB1B7EB0E50074B5C4 /* Like2.png */,
				A945127F1B7417BF002DA50A /* selectImg.png */,
				A97C561F1B66FC5100BDAC16 /* XT_problem.png */,
				A9FDBE6C1B5D9CF800E1A199 /* FacebookButton.png */,
				A9FDBE6D1B5D9CF800E1A199 /* FS Logo.png */,
				A9D11F3B1B70422900E6291B /* HomeImage.png */,
				A9FDBE6E1B5D9CF800E1A199 /* New.png */,
			);
			path = Images;
			sourceTree = "<group>";
		};
		A9FDBE701B5D9CF800E1A199 /* FriendsSpotFinalTests */ = {
			isa = PBXGroup;
			children = (
				A9FDBE5A1B5D9CF800E1A199 /* LaunchScreen.xib */,
				A9FDBE5C1B5D9CF800E1A199 /* Main.storyboard */,
				A9FDBE711B5D9CF800E1A199 /* FriendsSpotFinalTests.m */,
				A9FDBE721B5D9CF800E1A199 /* Info.plist */,
			);
			path = FriendsSpotFinalTests;
			sourceTree = "<group>";
		};
		A9FDBE861B5D9F5C00E1A199 /* ForgotPassword */ = {
			isa = PBXGroup;
			children = (
				A9FDBE871B5D9F7900E1A199 /* ForgotPassword.h */,
				A9FDBE881B5D9F7900E1A199 /* ForgotPassword.m */,
				A91E7DFE1B5F1C3100B933B3 /* ForgotPassword2.h */,
				A91E7DFF1B5F1C3100B933B3 /* ForgotPassword2.m */,
			);
			path = ForgotPassword;
			sourceTree = "<group>";
		};
/* End PBXGroup section */

/* Begin PBXNativeTarget section */
		A9AFBA201B58554B005C08BE /* FriendsSpotFinal */ = {
			isa = PBXNativeTarget;
			buildConfigurationList = A9AFBA441B58554B005C08BE /* Build configuration list for PBXNativeTarget "FriendsSpotFinal" */;
			buildPhases = (
				A9AFBA1D1B58554B005C08BE /* Sources */,
				A9AFBA1E1B58554B005C08BE /* Frameworks */,
				A9AFBA1F1B58554B005C08BE /* Resources */,
			);
			buildRules = (
			);
			dependencies = (
			);
			name = FriendsSpotFinal;
			productName = FriendsSpotFinal;
			productReference = A9AFBA211B58554B005C08BE /* FriendsSpotFinal.app */;
			productType = "com.apple.product-type.application";
		};
		A9AFBA391B58554B005C08BE /* FriendsSpotFinalTests */ = {
			isa = PBXNativeTarget;
			buildConfigurationList = A9AFBA471B58554B005C08BE /* Build configuration list for PBXNativeTarget "FriendsSpotFinalTests" */;
			buildPhases = (
				A9AFBA361B58554B005C08BE /* Sources */,
				A9AFBA371B58554B005C08BE /* Frameworks */,
				A9AFBA381B58554B005C08BE /* Resources */,
			);
			buildRules = (
			);
			dependencies = (
				A9AFBA3C1B58554B005C08BE /* PBXTargetDependency */,
			);
			name = FriendsSpotFinalTests;
			productName = FriendsSpotFinalTests;
			productReference = A9AFBA3A1B58554B005C08BE /* FriendsSpotFinalTests.xctest */;
			productType = "com.apple.product-type.bundle.unit-test";
		};
/* End PBXNativeTarget section */

/* Begin PBXProject section */
		A9AFBA191B58554B005C08BE /* Project object */ = {
			isa = PBXProject;
			attributes = {
				LastUpgradeCheck = 0630;
				ORGANIZATIONNAME = FS;
				TargetAttributes = {
					A9AFBA201B58554B005C08BE = {
						CreatedOnToolsVersion = 6.3.2;
					};
					A9AFBA391B58554B005C08BE = {
						CreatedOnToolsVersion = 6.3.2;
						TestTargetID = A9AFBA201B58554B005C08BE;
					};
				};
			};
			buildConfigurationList = A9AFBA1C1B58554B005C08BE /* Build configuration list for PBXProject "FriendsSpotFinal" */;
			compatibilityVersion = "Xcode 3.2";
			developmentRegion = English;
			hasScannedForEncodings = 0;
			knownRegions = (
				en,
				Base,
			);
			mainGroup = A9AFBA181B58554B005C08BE;
			productRefGroup = A9AFBA221B58554B005C08BE /* Products */;
			projectDirPath = "";
			projectRoot = "";
			targets = (
				A9AFBA201B58554B005C08BE /* FriendsSpotFinal */,
				A9AFBA391B58554B005C08BE /* FriendsSpotFinalTests */,
			);
		};
/* End PBXProject section */

/* Begin PBXResourcesBuildPhase section */
		A9AFBA1F1B58554B005C08BE /* Resources */ = {
			isa = PBXResourcesBuildPhase;
			buildActionMask = 2147483647;
			files = (
				A9EA17351B72D4AF007CFABB /* 12.png in Resources */,
				A9D11F3C1B70422900E6291B /* HomeImage.png in Resources */,
				A97C56201B66FC5100BDAC16 /* XT_problem.png in Resources */,
				A9FDBE751B5D9CF800E1A199 /* NewFSlogo.png in Resources */,
				A9FDBE731B5D9CF800E1A199 /* Info.plist in Resources */,
				A94512801B7417BF002DA50A /* selectImg.png in Resources */,
				A9FDBE801B5D9CF800E1A199 /* FacebookButton.png in Resources */,
				A9AFBA651B588A36005C08BE /* NewFSlogo.png in Resources */,
				A91B13AD1B7EB0E50074B5C4 /* Like2.png in Resources */,
				A94512841B7420D6002DA50A /* loading.gif in Resources */,
				A9FDBE7B1B5D9CF800E1A199 /* Main.storyboard in Resources */,
				A99A07191B69AA6900ED4102 /* Default.png in Resources */,
				A9FDBE821B5D9CF800E1A199 /* New.png in Resources */,
				A9FDBE7A1B5D9CF800E1A199 /* LaunchScreen.xib in Resources */,
				A9FDBE811B5D9CF800E1A199 /* FS Logo.png in Resources */,
				A9C075191B7958040011F49C /* Sumit.storyboard in Resources */,
				A9049ACA1B7D6D1400497091 /* Images.xcassets in Resources */,
				A94512821B741EE8002DA50A /* user.png in Resources */,
				A91B13AC1B7EB0E50074B5C4 /* Like1.png in Resources */,
				A99A071A1B69AA6900ED4102 /* Default@2x.png in Resources */,
				A9FDBE761B5D9CF800E1A199 /* Govind.storyboard in Resources */,
				A99A07181B69AA6900ED4102 /* Default-568h@2x.png in Resources */,
				A9FDBE771B5D9CF800E1A199 /* Raj.storyboard in Resources */,
				A9FDBE851B5D9CF800E1A199 /* Info.plist in Resources */,
			);
			runOnlyForDeploymentPostprocessing = 0;
		};
		A9AFBA381B58554B005C08BE /* Resources */ = {
			isa = PBXResourcesBuildPhase;
			buildActionMask = 2147483647;
			files = (
			);
			runOnlyForDeploymentPostprocessing = 0;
		};
/* End PBXResourcesBuildPhase section */

/* Begin PBXSourcesBuildPhase section */
		A9AFBA1D1B58554B005C08BE /* Sources */ = {
			isa = PBXSourcesBuildPhase;
			buildActionMask = 2147483647;
			files = (
				A9EA176C1B7306FB007CFABB /* UIView+WebCacheOperation.m in Sources */,
				A9FDBE7D1B5D9CF800E1A199 /* Login.m in Sources */,
				A97C562C1B670E2800BDAC16 /* TPKeyboardAvoidingTableView.m in Sources */,
				A9049ADA1B7D6DB200497091 /* SWRevealViewController.m in Sources */,
				A93486711B7D45A200BA0818 /* SearchFriends.m in Sources */,
				A9FDBE7F1B5D9CF800E1A199 /* UserHome.m in Sources */,
				A91938C11B71717D00DF12B5 /* Security.m in Sources */,
				A91938C71B7171CB00DF12B5 /* ChangePassword.m in Sources */,
				A97C562D1B670E2800BDAC16 /* UIScrollView+TPKeyboardAvoidingAdditions.m in Sources */,
				A9DF96B71B757270004B1D33 /* ButtonColor.m in Sources */,
				A9049AD81B7D6DB200497091 /* PhotoViewController.m in Sources */,
				A9AF40C81B6C4C840055B0F7 /* MesaageVC.m in Sources */,
				A91E7E001B5F1C3100B933B3 /* ForgotPassword2.m in Sources */,
				A9EA17631B7306FB007CFABB /* SDWebImageDownloaderOperation.m in Sources */,
				A9EA17651B7306FB007CFABB /* SDWebImagePrefetcher.m in Sources */,
				A91938CA1B7172DF00DF12B5 /* EditProfile.m in Sources */,
				A91938CE1B71757700DF12B5 /* ButtonLayers.m in Sources */,
				A9EA17681B7306FB007CFABB /* UIImage+MultiFormat.m in Sources */,
				A9D11F371B703E9600E6291B /* GeneralSetting.m in Sources */,
				A9FDBE7C1B5D9CF800E1A199 /* ViewController.m in Sources */,
				A9EA17661B7306FB007CFABB /* UIButton+WebCache.m in Sources */,
				A9EA17671B7306FB007CFABB /* UIImage+GIF.m in Sources */,
				A91E7DF61B5F0E3400B933B3 /* main 16-30-32-750.m in Sources */,
				A97C562B1B670E2800BDAC16 /* TPKeyboardAvoidingScrollView.m in Sources */,
				A97C562A1B670E2800BDAC16 /* TPKeyboardAvoidingCollectionView.m in Sources */,
				A9FDBE791B5D9CF800E1A199 /* AppDelegate.m in Sources */,
				A9049AD91B7D6DB200497091 /* SidebarTableViewController.m in Sources */,
				A94512881B742AD8002DA50A /* comments.m in Sources */,
				A9049AD61B7D6DB200497091 /* MainViewController.m in Sources */,
				A91938C41B71719000DF12B5 /* Blocking.m in Sources */,
				A9EA175F1B7306FB007CFABB /* SDImageCache.m in Sources */,
				A9BB57FE1B719256009E43C5 /* service.m in Sources */,
				A9EA17641B7306FB007CFABB /* SDWebImageManager.m in Sources */,
				A9EA17691B7306FB007CFABB /* UIImage+WebP.m in Sources */,
				A9D11F3A1B703F1C00E6291B /* Setting.m in Sources */,
				A9FDBE7E1B5D9CF800E1A199 /* SignUp.m in Sources */,
				A9EA176B1B7306FB007CFABB /* UIImageView+WebCache.m in Sources */,
				A9EA17621B7306FB007CFABB /* SDWebImageDownloader.m in Sources */,
				A9EA175D1B7306FB007CFABB /* MKAnnotationView+WebCache.m in Sources */,
				A9049AD71B7D6DB200497091 /* MapViewController.m in Sources */,
				A9EA17611B7306FB007CFABB /* SDWebImageDecoder.m in Sources */,
				A9EA17601B7306FB007CFABB /* SDWebImageCompat.m in Sources */,
				A9EA176A1B7306FB007CFABB /* UIImageView+HighlightedWebCache.m in Sources */,
				A9EA175E1B7306FB007CFABB /* NSData+ImageContentType.m in Sources */,
				A93486741B7D465600BA0818 /* FindFriends.m in Sources */,
				A9FDBE891B5D9F7900E1A199 /* ForgotPassword.m in Sources */,
			);
			runOnlyForDeploymentPostprocessing = 0;
		};
		A9AFBA361B58554B005C08BE /* Sources */ = {
			isa = PBXSourcesBuildPhase;
			buildActionMask = 2147483647;
			files = (
				A9AFBA411B58554B005C08BE /* FriendsSpotFinalTests.m in Sources */,
			);
			runOnlyForDeploymentPostprocessing = 0;
		};
/* End PBXSourcesBuildPhase section */

/* Begin PBXTargetDependency section */
		A9AFBA3C1B58554B005C08BE /* PBXTargetDependency */ = {
			isa = PBXTargetDependency;
			target = A9AFBA201B58554B005C08BE /* FriendsSpotFinal */;
			targetProxy = A9AFBA3B1B58554B005C08BE /* PBXContainerItemProxy */;
		};
/* End PBXTargetDependency section */

/* Begin PBXVariantGroup section */
		A9FDBE5A1B5D9CF800E1A199 /* LaunchScreen.xib */ = {
			isa = PBXVariantGroup;
			children = (
				A9FDBE5B1B5D9CF800E1A199 /* Base */,
			);
			name = LaunchScreen.xib;
			path = "../All Classes/Extra";
			sourceTree = "<group>";
		};
		A9FDBE5C1B5D9CF800E1A199 /* Main.storyboard */ = {
			isa = PBXVariantGroup;
			children = (
				A9FDBE5D1B5D9CF800E1A199 /* Base */,
			);
			name = Main.storyboard;
			path = "../All Classes/Extra";
			sourceTree = "<group>";
		};
/* End PBXVariantGroup section */

/* Begin XCBuildConfiguration section */
		A9AFBA421B58554B005C08BE /* Debug */ = {
			isa = XCBuildConfiguration;
			buildSettings = {
				ALWAYS_SEARCH_USER_PATHS = NO;
				CLANG_CXX_LANGUAGE_STANDARD = "gnu++0x";
				CLANG_CXX_LIBRARY = "libc++";
				CLANG_ENABLE_MODULES = YES;
				CLANG_ENABLE_OBJC_ARC = YES;
				CLANG_WARN_BOOL_CONVERSION = YES;
				CLANG_WARN_CONSTANT_CONVERSION = YES;
				CLANG_WARN_DIRECT_OBJC_ISA_USAGE = YES_ERROR;
				CLANG_WARN_EMPTY_BODY = YES;
				CLANG_WARN_ENUM_CONVERSION = YES;
				CLANG_WARN_INT_CONVERSION = YES;
				CLANG_WARN_OBJC_ROOT_CLASS = YES_ERROR;
				CLANG_WARN_UNREACHABLE_CODE = YES;
				CLANG_WARN__DUPLICATE_METHOD_MATCH = YES;
				"CODE_SIGN_IDENTITY[sdk=iphoneos*]" = "iPhone Developer";
				COPY_PHASE_STRIP = NO;
				DEBUG_INFORMATION_FORMAT = "dwarf-with-dsym";
				ENABLE_STRICT_OBJC_MSGSEND = YES;
				GCC_C_LANGUAGE_STANDARD = gnu99;
				GCC_DYNAMIC_NO_PIC = NO;
				GCC_NO_COMMON_BLOCKS = YES;
				GCC_OPTIMIZATION_LEVEL = 0;
				GCC_PREPROCESSOR_DEFINITIONS = (
					"DEBUG=1",
					"$(inherited)",
				);
				GCC_SYMBOLS_PRIVATE_EXTERN = NO;
				GCC_WARN_64_TO_32_BIT_CONVERSION = YES;
				GCC_WARN_ABOUT_RETURN_TYPE = YES_ERROR;
				GCC_WARN_UNDECLARED_SELECTOR = YES;
				GCC_WARN_UNINITIALIZED_AUTOS = YES_AGGRESSIVE;
				GCC_WARN_UNUSED_FUNCTION = YES;
				GCC_WARN_UNUSED_VARIABLE = YES;
				IPHONEOS_DEPLOYMENT_TARGET = 8.3;
				MTL_ENABLE_DEBUG_INFO = YES;
				ONLY_ACTIVE_ARCH = YES;
				SDKROOT = iphoneos;
				TARGETED_DEVICE_FAMILY = "1,2";
			};
			name = Debug;
		};
		A9AFBA431B58554B005C08BE /* Release */ = {
			isa = XCBuildConfiguration;
			buildSettings = {
				ALWAYS_SEARCH_USER_PATHS = NO;
				CLANG_CXX_LANGUAGE_STANDARD = "gnu++0x";
				CLANG_CXX_LIBRARY = "libc++";
				CLANG_ENABLE_MODULES = YES;
				CLANG_ENABLE_OBJC_ARC = YES;
				CLANG_WARN_BOOL_CONVERSION = YES;
				CLANG_WARN_CONSTANT_CONVERSION = YES;
				CLANG_WARN_DIRECT_OBJC_ISA_USAGE = YES_ERROR;
				CLANG_WARN_EMPTY_BODY = YES;
				CLANG_WARN_ENUM_CONVERSION = YES;
				CLANG_WARN_INT_CONVERSION = YES;
				CLANG_WARN_OBJC_ROOT_CLASS = YES_ERROR;
				CLANG_WARN_UNREACHABLE_CODE = YES;
				CLANG_WARN__DUPLICATE_METHOD_MATCH = YES;
				"CODE_SIGN_IDENTITY[sdk=iphoneos*]" = "iPhone Developer";
				COPY_PHASE_STRIP = NO;
				DEBUG_INFORMATION_FORMAT = "dwarf-with-dsym";
				ENABLE_NS_ASSERTIONS = NO;
				ENABLE_STRICT_OBJC_MSGSEND = YES;
				GCC_C_LANGUAGE_STANDARD = gnu99;
				GCC_NO_COMMON_BLOCKS = YES;
				GCC_WARN_64_TO_32_BIT_CONVERSION = YES;
				GCC_WARN_ABOUT_RETURN_TYPE = YES_ERROR;
				GCC_WARN_UNDECLARED_SELECTOR = YES;
				GCC_WARN_UNINITIALIZED_AUTOS = YES_AGGRESSIVE;
				GCC_WARN_UNUSED_FUNCTION = YES;
				GCC_WARN_UNUSED_VARIABLE = YES;
				IPHONEOS_DEPLOYMENT_TARGET = 8.3;
				MTL_ENABLE_DEBUG_INFO = NO;
				SDKROOT = iphoneos;
				TARGETED_DEVICE_FAMILY = "1,2";
				VALIDATE_PRODUCT = YES;
			};
			name = Release;
		};
		A9AFBA451B58554B005C08BE /* Debug */ = {
			isa = XCBuildConfiguration;
			buildSettings = {
				ASSETCATALOG_COMPILER_APPICON_NAME = AppIcon;
				ASSETCATALOG_COMPILER_LAUNCHIMAGE_NAME = LaunchImage;
				INFOPLIST_FILE = FriendsSpotFinal/Info.plist;
				IPHONEOS_DEPLOYMENT_TARGET = 8.0;
				LD_RUNPATH_SEARCH_PATHS = "$(inherited) @executable_path/Frameworks";
				PRODUCT_NAME = "$(TARGET_NAME)";
				TARGETED_DEVICE_FAMILY = 1;
			};
			name = Debug;
		};
		A9AFBA461B58554B005C08BE /* Release */ = {
			isa = XCBuildConfiguration;
			buildSettings = {
				ASSETCATALOG_COMPILER_APPICON_NAME = AppIcon;
				ASSETCATALOG_COMPILER_LAUNCHIMAGE_NAME = LaunchImage;
				INFOPLIST_FILE = FriendsSpotFinal/Info.plist;
				IPHONEOS_DEPLOYMENT_TARGET = 8.0;
				LD_RUNPATH_SEARCH_PATHS = "$(inherited) @executable_path/Frameworks";
				PRODUCT_NAME = "$(TARGET_NAME)";
				TARGETED_DEVICE_FAMILY = 1;
			};
			name = Release;
		};
		A9AFBA481B58554B005C08BE /* Debug */ = {
			isa = XCBuildConfiguration;
			buildSettings = {
				BUNDLE_LOADER = "$(TEST_HOST)";
				FRAMEWORK_SEARCH_PATHS = (
					"$(SDKROOT)/Developer/Library/Frameworks",
					"$(inherited)",
				);
				GCC_PREPROCESSOR_DEFINITIONS = (
					"DEBUG=1",
					"$(inherited)",
				);
				INFOPLIST_FILE = FriendsSpotFinalTests/Info.plist;
				LD_RUNPATH_SEARCH_PATHS = "$(inherited) @executable_path/Frameworks @loader_path/Frameworks";
				PRODUCT_NAME = "$(TARGET_NAME)";
				TEST_HOST = "$(BUILT_PRODUCTS_DIR)/FriendsSpotFinal.app/FriendsSpotFinal";
			};
			name = Debug;
		};
		A9AFBA491B58554B005C08BE /* Release */ = {
			isa = XCBuildConfiguration;
			buildSettings = {
				BUNDLE_LOADER = "$(TEST_HOST)";
				FRAMEWORK_SEARCH_PATHS = (
					"$(SDKROOT)/Developer/Library/Frameworks",
					"$(inherited)",
				);
				INFOPLIST_FILE = FriendsSpotFinalTests/Info.plist;
				LD_RUNPATH_SEARCH_PATHS = "$(inherited) @executable_path/Frameworks @loader_path/Frameworks";
				PRODUCT_NAME = "$(TARGET_NAME)";
				TEST_HOST = "$(BUILT_PRODUCTS_DIR)/FriendsSpotFinal.app/FriendsSpotFinal";
			};
			name = Release;
		};
/* End XCBuildConfiguration section */

/* Begin XCConfigurationList section */
		A9AFBA1C1B58554B005C08BE /* Build configuration list for PBXProject "FriendsSpotFinal" */ = {
			isa = XCConfigurationList;
			buildConfigurations = (
				A9AFBA421B58554B005C08BE /* Debug */,
				A9AFBA431B58554B005C08BE /* Release */,
			);
			defaultConfigurationIsVisible = 0;
			defaultConfigurationName = Release;
		};
		A9AFBA441B58554B005C08BE /* Build configuration list for PBXNativeTarget "FriendsSpotFinal" */ = {
			isa = XCConfigurationList;
			buildConfigurations = (
				A9AFBA451B58554B005C08BE /* Debug */,
				A9AFBA461B58554B005C08BE /* Release */,
			);
			defaultConfigurationIsVisible = 0;
			defaultConfigurationName = Release;
		};
		A9AFBA471B58554B005C08BE /* Build configuration list for PBXNativeTarget "FriendsSpotFinalTests" */ = {
			isa = XCConfigurationList;
			buildConfigurations = (
				A9AFBA481B58554B005C08BE /* Debug */,
				A9AFBA491B58554B005C08BE /* Release */,
			);
			defaultConfigurationIsVisible = 0;
			defaultConfigurationName = Release;
		};
/* End XCConfigurationList section */
	};
	rootObject = A9AFBA191B58554B005C08BE /* Project object */;
}
